// !$*UTF8*$!
{
	archiveVersion = 1;
	classes = {
	};
	objectVersion = 77;
	objects = {

/* Begin PBXBuildFile section */
		0F040FF42D46AC4600112E71 /* LivenessMaskView.framework in Frameworks */ = {isa = PBXBuildFile; fileRef = 0F040FE92D46AC4600112E71 /* LivenessMaskView.framework */; };
		0F04104A2D46B18C00112E71 /* Basic.framework in Frameworks */ = {isa = PBXBuildFile; fileRef = 0F0410402D46B18C00112E71 /* Basic.framework */; };
		0F0410552D46B18C00112E71 /* Basic.framework in Frameworks */ = {isa = PBXBuildFile; fileRef = 0F0410402D46B18C00112E71 /* Basic.framework */; };
		0F0410562D46B18C00112E71 /* Basic.framework in Embed Frameworks */ = {isa = PBXBuildFile; fileRef = 0F0410402D46B18C00112E71 /* Basic.framework */; settings = {ATTRIBUTES = (CodeSignOnCopy, RemoveHeadersOnCopy, ); }; };
		0F04106E2D46B1AF00112E71 /* NDA.framework in Frameworks */ = {isa = PBXBuildFile; fileRef = 0F0410642D46B1AF00112E71 /* NDA.framework */; };
		0F0410792D46B1AF00112E71 /* NDA.framework in Frameworks */ = {isa = PBXBuildFile; fileRef = 0F0410642D46B1AF00112E71 /* NDA.framework */; };
		0F04107A2D46B1AF00112E71 /* NDA.framework in Embed Frameworks */ = {isa = PBXBuildFile; fileRef = 0F0410642D46B1AF00112E71 /* NDA.framework */; settings = {ATTRIBUTES = (CodeSignOnCopy, RemoveHeadersOnCopy, ); }; };
/* End PBXBuildFile section */

/* Begin PBXContainerItemProxy section */
		0F040FF52D46AC4600112E71 /* PBXContainerItemProxy */ = {
			isa = PBXContainerItemProxy;
			containerPortal = 0F040FE02D46AC4600112E71 /* Project object */;
			proxyType = 1;
			remoteGlobalIDString = 0F040FE82D46AC4600112E71;
			remoteInfo = LivenessMaskView;
		};
		0F0410202D46B06D00112E71 /* PBXContainerItemProxy */ = {
			isa = PBXContainerItemProxy;
			containerPortal = 0F040FE02D46AC4600112E71 /* Project object */;
			proxyType = 1;
			remoteGlobalIDString = 0F0410092D46B06C00112E71;
			remoteInfo = Example;
		};
		0F04102A2D46B06D00112E71 /* PBXContainerItemProxy */ = {
			isa = PBXContainerItemProxy;
			containerPortal = 0F040FE02D46AC4600112E71 /* Project object */;
			proxyType = 1;
			remoteGlobalIDString = 0F0410092D46B06C00112E71;
			remoteInfo = Example;
		};
		0F04104B2D46B18C00112E71 /* PBXContainerItemProxy */ = {
			isa = PBXContainerItemProxy;
			containerPortal = 0F040FE02D46AC4600112E71 /* Project object */;
			proxyType = 1;
			remoteGlobalIDString = 0F04103F2D46B18C00112E71;
			remoteInfo = Basic;
		};
		0F04104D2D46B18C00112E71 /* PBXContainerItemProxy */ = {
			isa = PBXContainerItemProxy;
			containerPortal = 0F040FE02D46AC4600112E71 /* Project object */;
			proxyType = 1;
			remoteGlobalIDString = 0F0410092D46B06C00112E71;
			remoteInfo = Example;
		};
		0F0410532D46B18C00112E71 /* PBXContainerItemProxy */ = {
			isa = PBXContainerItemProxy;
			containerPortal = 0F040FE02D46AC4600112E71 /* Project object */;
			proxyType = 1;
			remoteGlobalIDString = 0F04103F2D46B18C00112E71;
			remoteInfo = Basic;
		};
		0F04106F2D46B1AF00112E71 /* PBXContainerItemProxy */ = {
			isa = PBXContainerItemProxy;
			containerPortal = 0F040FE02D46AC4600112E71 /* Project object */;
			proxyType = 1;
			remoteGlobalIDString = 0F0410632D46B1AF00112E71;
			remoteInfo = NDA;
		};
		0F0410712D46B1AF00112E71 /* PBXContainerItemProxy */ = {
			isa = PBXContainerItemProxy;
			containerPortal = 0F040FE02D46AC4600112E71 /* Project object */;
			proxyType = 1;
			remoteGlobalIDString = 0F0410092D46B06C00112E71;
			remoteInfo = Example;
		};
		0F0410772D46B1AF00112E71 /* PBXContainerItemProxy */ = {
			isa = PBXContainerItemProxy;
			containerPortal = 0F040FE02D46AC4600112E71 /* Project object */;
			proxyType = 1;
			remoteGlobalIDString = 0F0410632D46B1AF00112E71;
			remoteInfo = NDA;
		};
/* End PBXContainerItemProxy section */

/* Begin PBXCopyFilesBuildPhase section */
		0F04105B2D46B18C00112E71 /* Embed Frameworks */ = {
			isa = PBXCopyFilesBuildPhase;
			buildActionMask = 2147483647;
			dstPath = "";
			dstSubfolderSpec = 10;
			files = (
				0F04107A2D46B1AF00112E71 /* NDA.framework in Embed Frameworks */,
				0F0410562D46B18C00112E71 /* Basic.framework in Embed Frameworks */,
			);
			name = "Embed Frameworks";
			runOnlyForDeploymentPostprocessing = 0;
		};
/* End PBXCopyFilesBuildPhase section */

/* Begin PBXFileReference section */
		0F040FE92D46AC4600112E71 /* LivenessMaskView.framework */ = {isa = PBXFileReference; explicitFileType = wrapper.framework; includeInIndex = 0; path = LivenessMaskView.framework; sourceTree = BUILT_PRODUCTS_DIR; };
		0F040FF32D46AC4600112E71 /* LivenessMaskViewTests.xctest */ = {isa = PBXFileReference; explicitFileType = wrapper.cfbundle; includeInIndex = 0; path = LivenessMaskViewTests.xctest; sourceTree = BUILT_PRODUCTS_DIR; };
		0F04100A2D46B06C00112E71 /* Example.app */ = {isa = PBXFileReference; explicitFileType = wrapper.application; includeInIndex = 0; path = Example.app; sourceTree = BUILT_PRODUCTS_DIR; };
		0F04101F2D46B06D00112E71 /* ExampleTests.xctest */ = {isa = PBXFileReference; explicitFileType = wrapper.cfbundle; includeInIndex = 0; path = ExampleTests.xctest; sourceTree = BUILT_PRODUCTS_DIR; };
		0F0410292D46B06D00112E71 /* ExampleUITests.xctest */ = {isa = PBXFileReference; explicitFileType = wrapper.cfbundle; includeInIndex = 0; path = ExampleUITests.xctest; sourceTree = BUILT_PRODUCTS_DIR; };
		0F0410402D46B18C00112E71 /* Basic.framework */ = {isa = PBXFileReference; explicitFileType = wrapper.framework; includeInIndex = 0; path = Basic.framework; sourceTree = BUILT_PRODUCTS_DIR; };
		0F0410492D46B18C00112E71 /* BasicTests.xctest */ = {isa = PBXFileReference; explicitFileType = wrapper.cfbundle; includeInIndex = 0; path = BasicTests.xctest; sourceTree = BUILT_PRODUCTS_DIR; };
		0F0410642D46B1AF00112E71 /* NDA.framework */ = {isa = PBXFileReference; explicitFileType = wrapper.framework; includeInIndex = 0; path = NDA.framework; sourceTree = BUILT_PRODUCTS_DIR; };
		0F04106D2D46B1AF00112E71 /* NDATests.xctest */ = {isa = PBXFileReference; explicitFileType = wrapper.cfbundle; includeInIndex = 0; path = NDATests.xctest; sourceTree = BUILT_PRODUCTS_DIR; };
/* End PBXFileReference section */

/* Begin PBXFileSystemSynchronizedBuildFileExceptionSet section */
		0F040FFB2D46AC4600112E71 /* Exceptions for "LivenessMaskView" folder in "LivenessMaskView" target */ = {
			isa = PBXFileSystemSynchronizedBuildFileExceptionSet;
			publicHeaders = (
				LivenessMaskView.h,
			);
			target = 0F040FE82D46AC4600112E71 /* LivenessMaskView */;
		};
		0F0410312D46B06D00112E71 /* Exceptions for "Example" folder in "Example" target */ = {
			isa = PBXFileSystemSynchronizedBuildFileExceptionSet;
			membershipExceptions = (
				Info.plist,
			);
			target = 0F0410092D46B06C00112E71 /* Example */;
		};
		0F04107E2D46B1AF00112E71 /* Exceptions for "NDA" folder in "NDA" target */ = {
			isa = PBXFileSystemSynchronizedBuildFileExceptionSet;
			publicHeaders = (
				NDA.h,
			);
			target = 0F0410632D46B1AF00112E71 /* NDA */;
		};
/* End PBXFileSystemSynchronizedBuildFileExceptionSet section */

/* Begin PBXFileSystemSynchronizedRootGroup section */
		0F040FEB2D46AC4600112E71 /* LivenessMaskView */ = {
			isa = PBXFileSystemSynchronizedRootGroup;
			exceptions = (
				0F040FFB2D46AC4600112E71 /* Exceptions for "LivenessMaskView" folder in "LivenessMaskView" target */,
			);
			path = LivenessMaskView;
			sourceTree = "<group>";
		};
		0F040FF72D46AC4600112E71 /* LivenessMaskViewTests */ = {
			isa = PBXFileSystemSynchronizedRootGroup;
			path = LivenessMaskViewTests;
			sourceTree = "<group>";
		};
		0F04100B2D46B06C00112E71 /* Example */ = {
			isa = PBXFileSystemSynchronizedRootGroup;
			exceptions = (
				0F0410312D46B06D00112E71 /* Exceptions for "Example" folder in "Example" target */,
			);
			path = Example;
			sourceTree = "<group>";
		};
		0F0410222D46B06D00112E71 /* ExampleTests */ = {
			isa = PBXFileSystemSynchronizedRootGroup;
			path = ExampleTests;
			sourceTree = "<group>";
		};
		0F04102C2D46B06D00112E71 /* ExampleUITests */ = {
			isa = PBXFileSystemSynchronizedRootGroup;
			path = ExampleUITests;
			sourceTree = "<group>";
		};
		0F0410652D46B1AF00112E71 /* NDA */ = {
			isa = PBXFileSystemSynchronizedRootGroup;
			exceptions = (
				0F04107E2D46B1AF00112E71 /* Exceptions for "NDA" folder in "NDA" target */,
			);
			path = NDA;
			sourceTree = "<group>";
		};
		0F0410732D46B1AF00112E71 /* NDATests */ = {
			isa = PBXFileSystemSynchronizedRootGroup;
			path = NDATests;
			sourceTree = "<group>";
		};
/* End PBXFileSystemSynchronizedRootGroup section */

/* Begin PBXFrameworksBuildPhase section */
		0F040FE62D46AC4600112E71 /* Frameworks */ = {
			isa = PBXFrameworksBuildPhase;
			buildActionMask = 2147483647;
			files = (
			);
			runOnlyForDeploymentPostprocessing = 0;
		};
		0F040FF02D46AC4600112E71 /* Frameworks */ = {
			isa = PBXFrameworksBuildPhase;
			buildActionMask = 2147483647;
			files = (
				0F040FF42D46AC4600112E71 /* LivenessMaskView.framework in Frameworks */,
			);
			runOnlyForDeploymentPostprocessing = 0;
		};
		0F0410072D46B06C00112E71 /* Frameworks */ = {
			isa = PBXFrameworksBuildPhase;
			buildActionMask = 2147483647;
			files = (
				0F0410792D46B1AF00112E71 /* NDA.framework in Frameworks */,
				0F0410552D46B18C00112E71 /* Basic.framework in Frameworks */,
			);
			runOnlyForDeploymentPostprocessing = 0;
		};
		0F04101C2D46B06D00112E71 /* Frameworks */ = {
			isa = PBXFrameworksBuildPhase;
			buildActionMask = 2147483647;
			files = (
			);
			runOnlyForDeploymentPostprocessing = 0;
		};
		0F0410262D46B06D00112E71 /* Frameworks */ = {
			isa = PBXFrameworksBuildPhase;
			buildActionMask = 2147483647;
			files = (
			);
			runOnlyForDeploymentPostprocessing = 0;
		};
		0F04103D2D46B18C00112E71 /* Frameworks */ = {
			isa = PBXFrameworksBuildPhase;
			buildActionMask = 2147483647;
			files = (
			);
			runOnlyForDeploymentPostprocessing = 0;
		};
		0F0410462D46B18C00112E71 /* Frameworks */ = {
			isa = PBXFrameworksBuildPhase;
			buildActionMask = 2147483647;
			files = (
				0F04104A2D46B18C00112E71 /* Basic.framework in Frameworks */,
			);
			runOnlyForDeploymentPostprocessing = 0;
		};
		0F0410612D46B1AF00112E71 /* Frameworks */ = {
			isa = PBXFrameworksBuildPhase;
			buildActionMask = 2147483647;
			files = (
			);
			runOnlyForDeploymentPostprocessing = 0;
		};
		0F04106A2D46B1AF00112E71 /* Frameworks */ = {
			isa = PBXFrameworksBuildPhase;
			buildActionMask = 2147483647;
			files = (
				0F04106E2D46B1AF00112E71 /* NDA.framework in Frameworks */,
			);
			runOnlyForDeploymentPostprocessing = 0;
		};
/* End PBXFrameworksBuildPhase section */

/* Begin PBXGroup section */
		0F040FDF2D46AC4600112E71 = {
			isa = PBXGroup;
			children = (
				0F040FEB2D46AC4600112E71 /* LivenessMaskView */,
				0F040FF72D46AC4600112E71 /* LivenessMaskViewTests */,
				0F04100B2D46B06C00112E71 /* Example */,
				0F0410222D46B06D00112E71 /* ExampleTests */,
				0F04102C2D46B06D00112E71 /* ExampleUITests */,
				0F0410652D46B1AF00112E71 /* NDA */,
				0F0410732D46B1AF00112E71 /* NDATests */,
				0F040FEA2D46AC4600112E71 /* Products */,
			);
			sourceTree = "<group>";
		};
		0F040FEA2D46AC4600112E71 /* Products */ = {
			isa = PBXGroup;
			children = (
				0F040FE92D46AC4600112E71 /* LivenessMaskView.framework */,
				0F040FF32D46AC4600112E71 /* LivenessMaskViewTests.xctest */,
				0F04100A2D46B06C00112E71 /* Example.app */,
				0F04101F2D46B06D00112E71 /* ExampleTests.xctest */,
				0F0410292D46B06D00112E71 /* ExampleUITests.xctest */,
				0F0410402D46B18C00112E71 /* Basic.framework */,
				0F0410492D46B18C00112E71 /* BasicTests.xctest */,
				0F0410642D46B1AF00112E71 /* NDA.framework */,
				0F04106D2D46B1AF00112E71 /* NDATests.xctest */,
			);
			name = Products;
			sourceTree = "<group>";
		};
/* End PBXGroup section */

/* Begin PBXHeadersBuildPhase section */
		0F040FE42D46AC4600112E71 /* Headers */ = {
			isa = PBXHeadersBuildPhase;
			buildActionMask = 2147483647;
			files = (
			);
			runOnlyForDeploymentPostprocessing = 0;
		};
		0F04103B2D46B18C00112E71 /* Headers */ = {
			isa = PBXHeadersBuildPhase;
			buildActionMask = 2147483647;
			files = (
			);
			runOnlyForDeploymentPostprocessing = 0;
		};
		0F04105F2D46B1AF00112E71 /* Headers */ = {
			isa = PBXHeadersBuildPhase;
			buildActionMask = 2147483647;
			files = (
			);
			runOnlyForDeploymentPostprocessing = 0;
		};
/* End PBXHeadersBuildPhase section */

/* Begin PBXNativeTarget section */
		0F040FE82D46AC4600112E71 /* LivenessMaskView */ = {
			isa = PBXNativeTarget;
			buildConfigurationList = 0F040FFC2D46AC4600112E71 /* Build configuration list for PBXNativeTarget "LivenessMaskView" */;
			buildPhases = (
				0F040FE42D46AC4600112E71 /* Headers */,
				0F040FE52D46AC4600112E71 /* Sources */,
				0F040FE62D46AC4600112E71 /* Frameworks */,
				0F040FE72D46AC4600112E71 /* Resources */,
			);
			buildRules = (
			);
			dependencies = (
			);
			fileSystemSynchronizedGroups = (
				0F040FEB2D46AC4600112E71 /* LivenessMaskView */,
			);
			name = LivenessMaskView;
			packageProductDependencies = (
			);
			productName = LivenessMaskView;
			productReference = 0F040FE92D46AC4600112E71 /* LivenessMaskView.framework */;
			productType = "com.apple.product-type.framework";
		};
		0F040FF22D46AC4600112E71 /* LivenessMaskViewTests */ = {
			isa = PBXNativeTarget;
			buildConfigurationList = 0F0410012D46AC4600112E71 /* Build configuration list for PBXNativeTarget "LivenessMaskViewTests" */;
			buildPhases = (
				0F040FEF2D46AC4600112E71 /* Sources */,
				0F040FF02D46AC4600112E71 /* Frameworks */,
				0F040FF12D46AC4600112E71 /* Resources */,
			);
			buildRules = (
			);
			dependencies = (
				0F040FF62D46AC4600112E71 /* PBXTargetDependency */,
			);
			fileSystemSynchronizedGroups = (
				0F040FF72D46AC4600112E71 /* LivenessMaskViewTests */,
			);
			name = LivenessMaskViewTests;
			packageProductDependencies = (
			);
			productName = LivenessMaskViewTests;
			productReference = 0F040FF32D46AC4600112E71 /* LivenessMaskViewTests.xctest */;
			productType = "com.apple.product-type.bundle.unit-test";
		};
		0F0410092D46B06C00112E71 /* Example */ = {
			isa = PBXNativeTarget;
			buildConfigurationList = 0F0410322D46B06D00112E71 /* Build configuration list for PBXNativeTarget "Example" */;
			buildPhases = (
				0F0410062D46B06C00112E71 /* Sources */,
				0F0410072D46B06C00112E71 /* Frameworks */,
				0F0410082D46B06C00112E71 /* Resources */,
				0F04105B2D46B18C00112E71 /* Embed Frameworks */,
			);
			buildRules = (
			);
			dependencies = (
				0F0410542D46B18C00112E71 /* PBXTargetDependency */,
				0F0410782D46B1AF00112E71 /* PBXTargetDependency */,
			);
			fileSystemSynchronizedGroups = (
				0F04100B2D46B06C00112E71 /* Example */,
			);
			name = Example;
			packageProductDependencies = (
			);
			productName = Example;
			productReference = 0F04100A2D46B06C00112E71 /* Example.app */;
			productType = "com.apple.product-type.application";
		};
		0F04101E2D46B06D00112E71 /* ExampleTests */ = {
			isa = PBXNativeTarget;
			buildConfigurationList = 0F0410352D46B06D00112E71 /* Build configuration list for PBXNativeTarget "ExampleTests" */;
			buildPhases = (
				0F04101B2D46B06D00112E71 /* Sources */,
				0F04101C2D46B06D00112E71 /* Frameworks */,
				0F04101D2D46B06D00112E71 /* Resources */,
			);
			buildRules = (
			);
			dependencies = (
				0F0410212D46B06D00112E71 /* PBXTargetDependency */,
			);
			fileSystemSynchronizedGroups = (
				0F0410222D46B06D00112E71 /* ExampleTests */,
			);
			name = ExampleTests;
			packageProductDependencies = (
			);
			productName = ExampleTests;
			productReference = 0F04101F2D46B06D00112E71 /* ExampleTests.xctest */;
			productType = "com.apple.product-type.bundle.unit-test";
		};
		0F0410282D46B06D00112E71 /* ExampleUITests */ = {
			isa = PBXNativeTarget;
			buildConfigurationList = 0F0410382D46B06D00112E71 /* Build configuration list for PBXNativeTarget "ExampleUITests" */;
			buildPhases = (
				0F0410252D46B06D00112E71 /* Sources */,
				0F0410262D46B06D00112E71 /* Frameworks */,
				0F0410272D46B06D00112E71 /* Resources */,
			);
			buildRules = (
			);
			dependencies = (
				0F04102B2D46B06D00112E71 /* PBXTargetDependency */,
			);
			fileSystemSynchronizedGroups = (
				0F04102C2D46B06D00112E71 /* ExampleUITests */,
			);
			name = ExampleUITests;
			packageProductDependencies = (
			);
			productName = ExampleUITests;
			productReference = 0F0410292D46B06D00112E71 /* ExampleUITests.xctest */;
			productType = "com.apple.product-type.bundle.ui-testing";
		};
		0F04103F2D46B18C00112E71 /* Basic */ = {
			isa = PBXNativeTarget;
			buildConfigurationList = 0F0410572D46B18C00112E71 /* Build configuration list for PBXNativeTarget "Basic" */;
			buildPhases = (
				0F04103B2D46B18C00112E71 /* Headers */,
				0F04103C2D46B18C00112E71 /* Sources */,
				0F04103D2D46B18C00112E71 /* Frameworks */,
				0F04103E2D46B18C00112E71 /* Resources */,
			);
			buildRules = (
			);
			dependencies = (
			);
			name = Basic;
			packageProductDependencies = (
			);
			productName = Basic;
			productReference = 0F0410402D46B18C00112E71 /* Basic.framework */;
			productType = "com.apple.product-type.framework";
		};
		0F0410482D46B18C00112E71 /* BasicTests */ = {
			isa = PBXNativeTarget;
			buildConfigurationList = 0F04105C2D46B18C00112E71 /* Build configuration list for PBXNativeTarget "BasicTests" */;
			buildPhases = (
				0F0410452D46B18C00112E71 /* Sources */,
				0F0410462D46B18C00112E71 /* Frameworks */,
				0F0410472D46B18C00112E71 /* Resources */,
			);
			buildRules = (
			);
			dependencies = (
				0F04104C2D46B18C00112E71 /* PBXTargetDependency */,
				0F04104E2D46B18C00112E71 /* PBXTargetDependency */,
			);
			name = BasicTests;
			packageProductDependencies = (
			);
			productName = BasicTests;
			productReference = 0F0410492D46B18C00112E71 /* BasicTests.xctest */;
			productType = "com.apple.product-type.bundle.unit-test";
		};
		0F0410632D46B1AF00112E71 /* NDA */ = {
			isa = PBXNativeTarget;
			buildConfigurationList = 0F04107B2D46B1AF00112E71 /* Build configuration list for PBXNativeTarget "NDA" */;
			buildPhases = (
				0F04105F2D46B1AF00112E71 /* Headers */,
				0F0410602D46B1AF00112E71 /* Sources */,
				0F0410612D46B1AF00112E71 /* Frameworks */,
				0F0410622D46B1AF00112E71 /* Resources */,
			);
			buildRules = (
			);
			dependencies = (
			);
			fileSystemSynchronizedGroups = (
				0F0410652D46B1AF00112E71 /* NDA */,
			);
			name = NDA;
			packageProductDependencies = (
			);
			productName = NDA;
			productReference = 0F0410642D46B1AF00112E71 /* NDA.framework */;
			productType = "com.apple.product-type.framework";
		};
		0F04106C2D46B1AF00112E71 /* NDATests */ = {
			isa = PBXNativeTarget;
			buildConfigurationList = 0F04107F2D46B1AF00112E71 /* Build configuration list for PBXNativeTarget "NDATests" */;
			buildPhases = (
				0F0410692D46B1AF00112E71 /* Sources */,
				0F04106A2D46B1AF00112E71 /* Frameworks */,
				0F04106B2D46B1AF00112E71 /* Resources */,
			);
			buildRules = (
			);
			dependencies = (
				0F0410702D46B1AF00112E71 /* PBXTargetDependency */,
				0F0410722D46B1AF00112E71 /* PBXTargetDependency */,
			);
			fileSystemSynchronizedGroups = (
				0F0410732D46B1AF00112E71 /* NDATests */,
			);
			name = NDATests;
			packageProductDependencies = (
			);
			productName = NDATests;
			productReference = 0F04106D2D46B1AF00112E71 /* NDATests.xctest */;
			productType = "com.apple.product-type.bundle.unit-test";
		};
/* End PBXNativeTarget section */

/* Begin PBXProject section */
		0F040FE02D46AC4600112E71 /* Project object */ = {
			isa = PBXProject;
			attributes = {
				BuildIndependentTargetsInParallel = 1;
				LastSwiftUpdateCheck = 1620;
				LastUpgradeCheck = 1620;
				TargetAttributes = {
					0F040FE82D46AC4600112E71 = {
						CreatedOnToolsVersion = 16.2;
					};
					0F040FF22D46AC4600112E71 = {
						CreatedOnToolsVersion = 16.2;
					};
					0F0410092D46B06C00112E71 = {
						CreatedOnToolsVersion = 16.2;
					};
					0F04101E2D46B06D00112E71 = {
						CreatedOnToolsVersion = 16.2;
						TestTargetID = 0F0410092D46B06C00112E71;
					};
					0F0410282D46B06D00112E71 = {
						CreatedOnToolsVersion = 16.2;
						TestTargetID = 0F0410092D46B06C00112E71;
					};
					0F04103F2D46B18C00112E71 = {
						CreatedOnToolsVersion = 16.2;
					};
					0F0410482D46B18C00112E71 = {
						CreatedOnToolsVersion = 16.2;
						TestTargetID = 0F0410092D46B06C00112E71;
					};
					0F0410632D46B1AF00112E71 = {
						CreatedOnToolsVersion = 16.2;
					};
					0F04106C2D46B1AF00112E71 = {
						CreatedOnToolsVersion = 16.2;
						TestTargetID = 0F0410092D46B06C00112E71;
					};
				};
			};
			buildConfigurationList = 0F040FE32D46AC4600112E71 /* Build configuration list for PBXProject "LivenessMaskView" */;
			developmentRegion = en;
			hasScannedForEncodings = 0;
			knownRegions = (
				en,
				Base,
			);
			mainGroup = 0F040FDF2D46AC4600112E71;
			minimizedProjectReferenceProxies = 1;
			preferredProjectObjectVersion = 77;
			productRefGroup = 0F040FEA2D46AC4600112E71 /* Products */;
			projectDirPath = "";
			projectRoot = "";
			targets = (
				0F040FE82D46AC4600112E71 /* LivenessMaskView */,
				0F040FF22D46AC4600112E71 /* LivenessMaskViewTests */,
				0F0410092D46B06C00112E71 /* Example */,
				0F04101E2D46B06D00112E71 /* ExampleTests */,
				0F0410282D46B06D00112E71 /* ExampleUITests */,
				0F04103F2D46B18C00112E71 /* Basic */,
				0F0410482D46B18C00112E71 /* BasicTests */,
				0F0410632D46B1AF00112E71 /* NDA */,
				0F04106C2D46B1AF00112E71 /* NDATests */,
			);
		};
/* End PBXProject section */

/* Begin PBXResourcesBuildPhase section */
		0F040FE72D46AC4600112E71 /* Resources */ = {
			isa = PBXResourcesBuildPhase;
			buildActionMask = 2147483647;
			files = (
			);
			runOnlyForDeploymentPostprocessing = 0;
		};
		0F040FF12D46AC4600112E71 /* Resources */ = {
			isa = PBXResourcesBuildPhase;
			buildActionMask = 2147483647;
			files = (
			);
			runOnlyForDeploymentPostprocessing = 0;
		};
		0F0410082D46B06C00112E71 /* Resources */ = {
			isa = PBXResourcesBuildPhase;
			buildActionMask = 2147483647;
			files = (
			);
			runOnlyForDeploymentPostprocessing = 0;
		};
		0F04101D2D46B06D00112E71 /* Resources */ = {
			isa = PBXResourcesBuildPhase;
			buildActionMask = 2147483647;
			files = (
			);
			runOnlyForDeploymentPostprocessing = 0;
		};
		0F0410272D46B06D00112E71 /* Resources */ = {
			isa = PBXResourcesBuildPhase;
			buildActionMask = 2147483647;
			files = (
			);
			runOnlyForDeploymentPostprocessing = 0;
		};
		0F04103E2D46B18C00112E71 /* Resources */ = {
			isa = PBXResourcesBuildPhase;
			buildActionMask = 2147483647;
			files = (
			);
			runOnlyForDeploymentPostprocessing = 0;
		};
		0F0410472D46B18C00112E71 /* Resources */ = {
			isa = PBXResourcesBuildPhase;
			buildActionMask = 2147483647;
			files = (
			);
			runOnlyForDeploymentPostprocessing = 0;
		};
		0F0410622D46B1AF00112E71 /* Resources */ = {
			isa = PBXResourcesBuildPhase;
			buildActionMask = 2147483647;
			files = (
			);
			runOnlyForDeploymentPostprocessing = 0;
		};
		0F04106B2D46B1AF00112E71 /* Resources */ = {
			isa = PBXResourcesBuildPhase;
			buildActionMask = 2147483647;
			files = (
			);
			runOnlyForDeploymentPostprocessing = 0;
		};
/* End PBXResourcesBuildPhase section */

/* Begin PBXSourcesBuildPhase section */
		0F040FE52D46AC4600112E71 /* Sources */ = {
			isa = PBXSourcesBuildPhase;
			buildActionMask = 2147483647;
			files = (
			);
			runOnlyForDeploymentPostprocessing = 0;
		};
		0F040FEF2D46AC4600112E71 /* Sources */ = {
			isa = PBXSourcesBuildPhase;
			buildActionMask = 2147483647;
			files = (
			);
			runOnlyForDeploymentPostprocessing = 0;
		};
		0F0410062D46B06C00112E71 /* Sources */ = {
			isa = PBXSourcesBuildPhase;
			buildActionMask = 2147483647;
			files = (
			);
			runOnlyForDeploymentPostprocessing = 0;
		};
		0F04101B2D46B06D00112E71 /* Sources */ = {
			isa = PBXSourcesBuildPhase;
			buildActionMask = 2147483647;
			files = (
			);
			runOnlyForDeploymentPostprocessing = 0;
		};
		0F0410252D46B06D00112E71 /* Sources */ = {
			isa = PBXSourcesBuildPhase;
			buildActionMask = 2147483647;
			files = (
			);
			runOnlyForDeploymentPostprocessing = 0;
		};
		0F04103C2D46B18C00112E71 /* Sources */ = {
			isa = PBXSourcesBuildPhase;
			buildActionMask = 2147483647;
			files = (
			);
			runOnlyForDeploymentPostprocessing = 0;
		};
		0F0410452D46B18C00112E71 /* Sources */ = {
			isa = PBXSourcesBuildPhase;
			buildActionMask = 2147483647;
			files = (
			);
			runOnlyForDeploymentPostprocessing = 0;
		};
		0F0410602D46B1AF00112E71 /* Sources */ = {
			isa = PBXSourcesBuildPhase;
			buildActionMask = 2147483647;
			files = (
			);
			runOnlyForDeploymentPostprocessing = 0;
		};
		0F0410692D46B1AF00112E71 /* Sources */ = {
			isa = PBXSourcesBuildPhase;
			buildActionMask = 2147483647;
			files = (
			);
			runOnlyForDeploymentPostprocessing = 0;
		};
/* End PBXSourcesBuildPhase section */

/* Begin PBXTargetDependency section */
		0F040FF62D46AC4600112E71 /* PBXTargetDependency */ = {
			isa = PBXTargetDependency;
			target = 0F040FE82D46AC4600112E71 /* LivenessMaskView */;
			targetProxy = 0F040FF52D46AC4600112E71 /* PBXContainerItemProxy */;
		};
		0F0410212D46B06D00112E71 /* PBXTargetDependency */ = {
			isa = PBXTargetDependency;
			target = 0F0410092D46B06C00112E71 /* Example */;
			targetProxy = 0F0410202D46B06D00112E71 /* PBXContainerItemProxy */;
		};
		0F04102B2D46B06D00112E71 /* PBXTargetDependency */ = {
			isa = PBXTargetDependency;
			target = 0F0410092D46B06C00112E71 /* Example */;
			targetProxy = 0F04102A2D46B06D00112E71 /* PBXContainerItemProxy */;
		};
		0F04104C2D46B18C00112E71 /* PBXTargetDependency */ = {
			isa = PBXTargetDependency;
			target = 0F04103F2D46B18C00112E71 /* Basic */;
			targetProxy = 0F04104B2D46B18C00112E71 /* PBXContainerItemProxy */;
		};
		0F04104E2D46B18C00112E71 /* PBXTargetDependency */ = {
			isa = PBXTargetDependency;
			target = 0F0410092D46B06C00112E71 /* Example */;
			targetProxy = 0F04104D2D46B18C00112E71 /* PBXContainerItemProxy */;
		};
		0F0410542D46B18C00112E71 /* PBXTargetDependency */ = {
			isa = PBXTargetDependency;
			target = 0F04103F2D46B18C00112E71 /* Basic */;
			targetProxy = 0F0410532D46B18C00112E71 /* PBXContainerItemProxy */;
		};
		0F0410702D46B1AF00112E71 /* PBXTargetDependency */ = {
			isa = PBXTargetDependency;
			target = 0F0410632D46B1AF00112E71 /* NDA */;
			targetProxy = 0F04106F2D46B1AF00112E71 /* PBXContainerItemProxy */;
		};
		0F0410722D46B1AF00112E71 /* PBXTargetDependency */ = {
			isa = PBXTargetDependency;
			target = 0F0410092D46B06C00112E71 /* Example */;
			targetProxy = 0F0410712D46B1AF00112E71 /* PBXContainerItemProxy */;
		};
		0F0410782D46B1AF00112E71 /* PBXTargetDependency */ = {
			isa = PBXTargetDependency;
			target = 0F0410632D46B1AF00112E71 /* NDA */;
			targetProxy = 0F0410772D46B1AF00112E71 /* PBXContainerItemProxy */;
		};
/* End PBXTargetDependency section */

/* Begin XCBuildConfiguration section */
		0F040FFD2D46AC4600112E71 /* Debug */ = {
			isa = XCBuildConfiguration;
			buildSettings = {
				BUILD_LIBRARY_FOR_DISTRIBUTION = YES;
				CODE_SIGN_STYLE = Automatic;
				CURRENT_PROJECT_VERSION = 1;
				DEFINES_MODULE = YES;
				DEVELOPMENT_TEAM = 225K82M4FU;
				DYLIB_COMPATIBILITY_VERSION = 1;
				DYLIB_CURRENT_VERSION = 1;
				DYLIB_INSTALL_NAME_BASE = "@rpath";
				ENABLE_MODULE_VERIFIER = YES;
				GENERATE_INFOPLIST_FILE = YES;
				INFOPLIST_KEY_NSHumanReadableCopyright = "";
				INSTALL_PATH = "$(LOCAL_LIBRARY_DIR)/Frameworks";
				LD_RUNPATH_SEARCH_PATHS = (
					"$(inherited)",
					"@executable_path/Frameworks",
					"@loader_path/Frameworks",
				);
				MARKETING_VERSION = 1.0;
				MODULE_VERIFIER_SUPPORTED_LANGUAGES = "objective-c objective-c++";
				MODULE_VERIFIER_SUPPORTED_LANGUAGE_STANDARDS = "gnu17 gnu++20";
				PRODUCT_BUNDLE_IDENTIFIER = nhatnuoc.LivenessMaskView;
				PRODUCT_NAME = "$(TARGET_NAME:c99extidentifier)";
				SKIP_INSTALL = YES;
				SWIFT_EMIT_LOC_STRINGS = YES;
				SWIFT_INSTALL_OBJC_HEADER = NO;
				SWIFT_VERSION = 5.0;
				TARGETED_DEVICE_FAMILY = "1,2";
			};
			name = Debug;
		};
		0F040FFE2D46AC4600112E71 /* Release */ = {
			isa = XCBuildConfiguration;
			buildSettings = {
				BUILD_LIBRARY_FOR_DISTRIBUTION = YES;
				CODE_SIGN_STYLE = Automatic;
				CURRENT_PROJECT_VERSION = 1;
				DEFINES_MODULE = YES;
				DEVELOPMENT_TEAM = 225K82M4FU;
				DYLIB_COMPATIBILITY_VERSION = 1;
				DYLIB_CURRENT_VERSION = 1;
				DYLIB_INSTALL_NAME_BASE = "@rpath";
				ENABLE_MODULE_VERIFIER = YES;
				GENERATE_INFOPLIST_FILE = YES;
				INFOPLIST_KEY_NSHumanReadableCopyright = "";
				INSTALL_PATH = "$(LOCAL_LIBRARY_DIR)/Frameworks";
				LD_RUNPATH_SEARCH_PATHS = (
					"$(inherited)",
					"@executable_path/Frameworks",
					"@loader_path/Frameworks",
				);
				MARKETING_VERSION = 1.0;
				MODULE_VERIFIER_SUPPORTED_LANGUAGES = "objective-c objective-c++";
				MODULE_VERIFIER_SUPPORTED_LANGUAGE_STANDARDS = "gnu17 gnu++20";
				PRODUCT_BUNDLE_IDENTIFIER = nhatnuoc.LivenessMaskView;
				PRODUCT_NAME = "$(TARGET_NAME:c99extidentifier)";
				SKIP_INSTALL = YES;
				SWIFT_EMIT_LOC_STRINGS = YES;
				SWIFT_INSTALL_OBJC_HEADER = NO;
				SWIFT_VERSION = 5.0;
				TARGETED_DEVICE_FAMILY = "1,2";
			};
			name = Release;
		};
		0F040FFF2D46AC4600112E71 /* Debug */ = {
			isa = XCBuildConfiguration;
			buildSettings = {
				ALWAYS_SEARCH_USER_PATHS = NO;
				ASSETCATALOG_COMPILER_GENERATE_SWIFT_ASSET_SYMBOL_EXTENSIONS = YES;
				CLANG_ANALYZER_NONNULL = YES;
				CLANG_ANALYZER_NUMBER_OBJECT_CONVERSION = YES_AGGRESSIVE;
				CLANG_CXX_LANGUAGE_STANDARD = "gnu++20";
				CLANG_ENABLE_MODULES = YES;
				CLANG_ENABLE_OBJC_ARC = YES;
				CLANG_ENABLE_OBJC_WEAK = YES;
				CLANG_WARN_BLOCK_CAPTURE_AUTORELEASING = YES;
				CLANG_WARN_BOOL_CONVERSION = YES;
				CLANG_WARN_COMMA = YES;
				CLANG_WARN_CONSTANT_CONVERSION = YES;
				CLANG_WARN_DEPRECATED_OBJC_IMPLEMENTATIONS = YES;
				CLANG_WARN_DIRECT_OBJC_ISA_USAGE = YES_ERROR;
				CLANG_WARN_DOCUMENTATION_COMMENTS = YES;
				CLANG_WARN_EMPTY_BODY = YES;
				CLANG_WARN_ENUM_CONVERSION = YES;
				CLANG_WARN_INFINITE_RECURSION = YES;
				CLANG_WARN_INT_CONVERSION = YES;
				CLANG_WARN_NON_LITERAL_NULL_CONVERSION = YES;
				CLANG_WARN_OBJC_IMPLICIT_RETAIN_SELF = YES;
				CLANG_WARN_OBJC_LITERAL_CONVERSION = YES;
				CLANG_WARN_OBJC_ROOT_CLASS = YES_ERROR;
				CLANG_WARN_QUOTED_INCLUDE_IN_FRAMEWORK_HEADER = YES;
				CLANG_WARN_RANGE_LOOP_ANALYSIS = YES;
				CLANG_WARN_STRICT_PROTOTYPES = YES;
				CLANG_WARN_SUSPICIOUS_MOVE = YES;
				CLANG_WARN_UNGUARDED_AVAILABILITY = YES_AGGRESSIVE;
				CLANG_WARN_UNREACHABLE_CODE = YES;
				CLANG_WARN__DUPLICATE_METHOD_MATCH = YES;
				COPY_PHASE_STRIP = NO;
				CURRENT_PROJECT_VERSION = 1;
				DEBUG_INFORMATION_FORMAT = dwarf;
				ENABLE_STRICT_OBJC_MSGSEND = YES;
				ENABLE_TESTABILITY = YES;
				ENABLE_USER_SCRIPT_SANDBOXING = YES;
				GCC_C_LANGUAGE_STANDARD = gnu17;
				GCC_DYNAMIC_NO_PIC = NO;
				GCC_NO_COMMON_BLOCKS = YES;
				GCC_OPTIMIZATION_LEVEL = 0;
				GCC_PREPROCESSOR_DEFINITIONS = (
					"DEBUG=1",
					"$(inherited)",
				);
				GCC_WARN_64_TO_32_BIT_CONVERSION = YES;
				GCC_WARN_ABOUT_RETURN_TYPE = YES_ERROR;
				GCC_WARN_UNDECLARED_SELECTOR = YES;
				GCC_WARN_UNINITIALIZED_AUTOS = YES_AGGRESSIVE;
				GCC_WARN_UNUSED_FUNCTION = YES;
				GCC_WARN_UNUSED_VARIABLE = YES;
				IPHONEOS_DEPLOYMENT_TARGET = 18.2;
				LOCALIZATION_PREFERS_STRING_CATALOGS = YES;
				MTL_ENABLE_DEBUG_INFO = INCLUDE_SOURCE;
				MTL_FAST_MATH = YES;
				ONLY_ACTIVE_ARCH = YES;
				SDKROOT = iphoneos;
				SWIFT_ACTIVE_COMPILATION_CONDITIONS = "DEBUG $(inherited)";
				SWIFT_OPTIMIZATION_LEVEL = "-Onone";
				VERSIONING_SYSTEM = "apple-generic";
				VERSION_INFO_PREFIX = "";
			};
			name = Debug;
		};
		0F0410002D46AC4600112E71 /* Release */ = {
			isa = XCBuildConfiguration;
			buildSettings = {
				ALWAYS_SEARCH_USER_PATHS = NO;
				ASSETCATALOG_COMPILER_GENERATE_SWIFT_ASSET_SYMBOL_EXTENSIONS = YES;
				CLANG_ANALYZER_NONNULL = YES;
				CLANG_ANALYZER_NUMBER_OBJECT_CONVERSION = YES_AGGRESSIVE;
				CLANG_CXX_LANGUAGE_STANDARD = "gnu++20";
				CLANG_ENABLE_MODULES = YES;
				CLANG_ENABLE_OBJC_ARC = YES;
				CLANG_ENABLE_OBJC_WEAK = YES;
				CLANG_WARN_BLOCK_CAPTURE_AUTORELEASING = YES;
				CLANG_WARN_BOOL_CONVERSION = YES;
				CLANG_WARN_COMMA = YES;
				CLANG_WARN_CONSTANT_CONVERSION = YES;
				CLANG_WARN_DEPRECATED_OBJC_IMPLEMENTATIONS = YES;
				CLANG_WARN_DIRECT_OBJC_ISA_USAGE = YES_ERROR;
				CLANG_WARN_DOCUMENTATION_COMMENTS = YES;
				CLANG_WARN_EMPTY_BODY = YES;
				CLANG_WARN_ENUM_CONVERSION = YES;
				CLANG_WARN_INFINITE_RECURSION = YES;
				CLANG_WARN_INT_CONVERSION = YES;
				CLANG_WARN_NON_LITERAL_NULL_CONVERSION = YES;
				CLANG_WARN_OBJC_IMPLICIT_RETAIN_SELF = YES;
				CLANG_WARN_OBJC_LITERAL_CONVERSION = YES;
				CLANG_WARN_OBJC_ROOT_CLASS = YES_ERROR;
				CLANG_WARN_QUOTED_INCLUDE_IN_FRAMEWORK_HEADER = YES;
				CLANG_WARN_RANGE_LOOP_ANALYSIS = YES;
				CLANG_WARN_STRICT_PROTOTYPES = YES;
				CLANG_WARN_SUSPICIOUS_MOVE = YES;
				CLANG_WARN_UNGUARDED_AVAILABILITY = YES_AGGRESSIVE;
				CLANG_WARN_UNREACHABLE_CODE = YES;
				CLANG_WARN__DUPLICATE_METHOD_MATCH = YES;
				COPY_PHASE_STRIP = NO;
				CURRENT_PROJECT_VERSION = 1;
				DEBUG_INFORMATION_FORMAT = "dwarf-with-dsym";
				ENABLE_NS_ASSERTIONS = NO;
				ENABLE_STRICT_OBJC_MSGSEND = YES;
				ENABLE_USER_SCRIPT_SANDBOXING = YES;
				GCC_C_LANGUAGE_STANDARD = gnu17;
				GCC_NO_COMMON_BLOCKS = YES;
				GCC_WARN_64_TO_32_BIT_CONVERSION = YES;
				GCC_WARN_ABOUT_RETURN_TYPE = YES_ERROR;
				GCC_WARN_UNDECLARED_SELECTOR = YES;
				GCC_WARN_UNINITIALIZED_AUTOS = YES_AGGRESSIVE;
				GCC_WARN_UNUSED_FUNCTION = YES;
				GCC_WARN_UNUSED_VARIABLE = YES;
				IPHONEOS_DEPLOYMENT_TARGET = 18.2;
				LOCALIZATION_PREFERS_STRING_CATALOGS = YES;
				MTL_ENABLE_DEBUG_INFO = NO;
				MTL_FAST_MATH = YES;
				SDKROOT = iphoneos;
				SWIFT_COMPILATION_MODE = wholemodule;
				VALIDATE_PRODUCT = YES;
				VERSIONING_SYSTEM = "apple-generic";
				VERSION_INFO_PREFIX = "";
			};
			name = Release;
		};
		0F0410022D46AC4600112E71 /* Debug */ = {
			isa = XCBuildConfiguration;
			buildSettings = {
				CODE_SIGN_STYLE = Automatic;
				CURRENT_PROJECT_VERSION = 1;
				DEVELOPMENT_TEAM = 225K82M4FU;
				GENERATE_INFOPLIST_FILE = YES;
				MARKETING_VERSION = 1.0;
				PRODUCT_BUNDLE_IDENTIFIER = nhatnuoc.LivenessMaskViewTests;
				PRODUCT_NAME = "$(TARGET_NAME)";
				SWIFT_EMIT_LOC_STRINGS = NO;
				SWIFT_VERSION = 5.0;
				TARGETED_DEVICE_FAMILY = "1,2";
			};
			name = Debug;
		};
		0F0410032D46AC4600112E71 /* Release */ = {
			isa = XCBuildConfiguration;
			buildSettings = {
				CODE_SIGN_STYLE = Automatic;
				CURRENT_PROJECT_VERSION = 1;
				DEVELOPMENT_TEAM = 225K82M4FU;
				GENERATE_INFOPLIST_FILE = YES;
				MARKETING_VERSION = 1.0;
				PRODUCT_BUNDLE_IDENTIFIER = nhatnuoc.LivenessMaskViewTests;
				PRODUCT_NAME = "$(TARGET_NAME)";
				SWIFT_EMIT_LOC_STRINGS = NO;
				SWIFT_VERSION = 5.0;
				TARGETED_DEVICE_FAMILY = "1,2";
			};
			name = Release;
		};
		0F0410332D46B06D00112E71 /* Debug */ = {
			isa = XCBuildConfiguration;
			buildSettings = {
				ASSETCATALOG_COMPILER_APPICON_NAME = AppIcon;
				ASSETCATALOG_COMPILER_GLOBAL_ACCENT_COLOR_NAME = AccentColor;
				CODE_SIGN_STYLE = Automatic;
				CURRENT_PROJECT_VERSION = 1;
				DEVELOPMENT_TEAM = 225K82M4FU;
				GENERATE_INFOPLIST_FILE = YES;
				INFOPLIST_FILE = Example/Info.plist;
				INFOPLIST_KEY_UIApplicationSupportsIndirectInputEvents = YES;
				INFOPLIST_KEY_UILaunchStoryboardName = LaunchScreen;
				INFOPLIST_KEY_UIMainStoryboardFile = Main;
				INFOPLIST_KEY_UISupportedInterfaceOrientations_iPad = "UIInterfaceOrientationPortrait UIInterfaceOrientationPortraitUpsideDown UIInterfaceOrientationLandscapeLeft UIInterfaceOrientationLandscapeRight";
				INFOPLIST_KEY_UISupportedInterfaceOrientations_iPhone = "UIInterfaceOrientationPortrait UIInterfaceOrientationLandscapeLeft UIInterfaceOrientationLandscapeRight";
				LD_RUNPATH_SEARCH_PATHS = (
					"$(inherited)",
					"@executable_path/Frameworks",
				);
				MARKETING_VERSION = 1.0;
				PRODUCT_BUNDLE_IDENTIFIER = nhatnuoc.Example;
				PRODUCT_NAME = "$(TARGET_NAME)";
				SWIFT_EMIT_LOC_STRINGS = YES;
				SWIFT_VERSION = 5.0;
				TARGETED_DEVICE_FAMILY = "1,2";
			};
			name = Debug;
		};
		0F0410342D46B06D00112E71 /* Release */ = {
			isa = XCBuildConfiguration;
			buildSettings = {
				ASSETCATALOG_COMPILER_APPICON_NAME = AppIcon;
				ASSETCATALOG_COMPILER_GLOBAL_ACCENT_COLOR_NAME = AccentColor;
				CODE_SIGN_STYLE = Automatic;
				CURRENT_PROJECT_VERSION = 1;
				DEVELOPMENT_TEAM = 225K82M4FU;
				GENERATE_INFOPLIST_FILE = YES;
				INFOPLIST_FILE = Example/Info.plist;
				INFOPLIST_KEY_UIApplicationSupportsIndirectInputEvents = YES;
				INFOPLIST_KEY_UILaunchStoryboardName = LaunchScreen;
				INFOPLIST_KEY_UIMainStoryboardFile = Main;
				INFOPLIST_KEY_UISupportedInterfaceOrientations_iPad = "UIInterfaceOrientationPortrait UIInterfaceOrientationPortraitUpsideDown UIInterfaceOrientationLandscapeLeft UIInterfaceOrientationLandscapeRight";
				INFOPLIST_KEY_UISupportedInterfaceOrientations_iPhone = "UIInterfaceOrientationPortrait UIInterfaceOrientationLandscapeLeft UIInterfaceOrientationLandscapeRight";
				LD_RUNPATH_SEARCH_PATHS = (
					"$(inherited)",
					"@executable_path/Frameworks",
				);
				MARKETING_VERSION = 1.0;
				PRODUCT_BUNDLE_IDENTIFIER = nhatnuoc.Example;
				PRODUCT_NAME = "$(TARGET_NAME)";
				SWIFT_EMIT_LOC_STRINGS = YES;
				SWIFT_VERSION = 5.0;
				TARGETED_DEVICE_FAMILY = "1,2";
			};
			name = Release;
		};
		0F0410362D46B06D00112E71 /* Debug */ = {
			isa = XCBuildConfiguration;
			buildSettings = {
				BUNDLE_LOADER = "$(TEST_HOST)";
				CODE_SIGN_STYLE = Automatic;
				CURRENT_PROJECT_VERSION = 1;
				DEVELOPMENT_TEAM = 225K82M4FU;
				GENERATE_INFOPLIST_FILE = YES;
				IPHONEOS_DEPLOYMENT_TARGET = 18.2;
				MARKETING_VERSION = 1.0;
				PRODUCT_BUNDLE_IDENTIFIER = nhatnuoc.ExampleTests;
				PRODUCT_NAME = "$(TARGET_NAME)";
				SWIFT_EMIT_LOC_STRINGS = NO;
				SWIFT_VERSION = 5.0;
				TARGETED_DEVICE_FAMILY = "1,2";
				TEST_HOST = "$(BUILT_PRODUCTS_DIR)/Example.app/$(BUNDLE_EXECUTABLE_FOLDER_PATH)/Example";
			};
			name = Debug;
		};
		0F0410372D46B06D00112E71 /* Release */ = {
			isa = XCBuildConfiguration;
			buildSettings = {
				BUNDLE_LOADER = "$(TEST_HOST)";
				CODE_SIGN_STYLE = Automatic;
				CURRENT_PROJECT_VERSION = 1;
				DEVELOPMENT_TEAM = 225K82M4FU;
				GENERATE_INFOPLIST_FILE = YES;
				IPHONEOS_DEPLOYMENT_TARGET = 18.2;
				MARKETING_VERSION = 1.0;
				PRODUCT_BUNDLE_IDENTIFIER = nhatnuoc.ExampleTests;
				PRODUCT_NAME = "$(TARGET_NAME)";
				SWIFT_EMIT_LOC_STRINGS = NO;
				SWIFT_VERSION = 5.0;
				TARGETED_DEVICE_FAMILY = "1,2";
				TEST_HOST = "$(BUILT_PRODUCTS_DIR)/Example.app/$(BUNDLE_EXECUTABLE_FOLDER_PATH)/Example";
			};
			name = Release;
		};
		0F0410392D46B06D00112E71 /* Debug */ = {
			isa = XCBuildConfiguration;
			buildSettings = {
				CODE_SIGN_STYLE = Automatic;
				CURRENT_PROJECT_VERSION = 1;
				DEVELOPMENT_TEAM = 225K82M4FU;
				GENERATE_INFOPLIST_FILE = YES;
				MARKETING_VERSION = 1.0;
				PRODUCT_BUNDLE_IDENTIFIER = nhatnuoc.ExampleUITests;
				PRODUCT_NAME = "$(TARGET_NAME)";
				SWIFT_EMIT_LOC_STRINGS = NO;
				SWIFT_VERSION = 5.0;
				TARGETED_DEVICE_FAMILY = "1,2";
				TEST_TARGET_NAME = Example;
			};
			name = Debug;
		};
		0F04103A2D46B06D00112E71 /* Release */ = {
			isa = XCBuildConfiguration;
			buildSettings = {
				CODE_SIGN_STYLE = Automatic;
				CURRENT_PROJECT_VERSION = 1;
				DEVELOPMENT_TEAM = 225K82M4FU;
				GENERATE_INFOPLIST_FILE = YES;
				MARKETING_VERSION = 1.0;
				PRODUCT_BUNDLE_IDENTIFIER = nhatnuoc.ExampleUITests;
				PRODUCT_NAME = "$(TARGET_NAME)";
				SWIFT_EMIT_LOC_STRINGS = NO;
				SWIFT_VERSION = 5.0;
				TARGETED_DEVICE_FAMILY = "1,2";
				TEST_TARGET_NAME = Example;
			};
			name = Release;
		};
		0F0410582D46B18C00112E71 /* Debug */ = {
			isa = XCBuildConfiguration;
			buildSettings = {
				BUILD_LIBRARY_FOR_DISTRIBUTION = YES;
				CODE_SIGN_STYLE = Automatic;
				CURRENT_PROJECT_VERSION = 1;
				DEFINES_MODULE = YES;
				DEVELOPMENT_TEAM = 225K82M4FU;
				DYLIB_COMPATIBILITY_VERSION = 1;
				DYLIB_CURRENT_VERSION = 1;
				DYLIB_INSTALL_NAME_BASE = "@rpath";
				ENABLE_MODULE_VERIFIER = YES;
				GENERATE_INFOPLIST_FILE = YES;
				INFOPLIST_KEY_NSHumanReadableCopyright = "";
				INSTALL_PATH = "$(LOCAL_LIBRARY_DIR)/Frameworks";
				LD_RUNPATH_SEARCH_PATHS = (
					"$(inherited)",
					"@executable_path/Frameworks",
					"@loader_path/Frameworks",
				);
				MARKETING_VERSION = 1.0;
				MODULE_VERIFIER_SUPPORTED_LANGUAGES = "objective-c objective-c++";
				MODULE_VERIFIER_SUPPORTED_LANGUAGE_STANDARDS = "gnu17 gnu++20";
				PRODUCT_BUNDLE_IDENTIFIER = nhatnuoc.Basic;
				PRODUCT_NAME = "$(TARGET_NAME:c99extidentifier)";
				SKIP_INSTALL = YES;
				SWIFT_EMIT_LOC_STRINGS = YES;
				SWIFT_INSTALL_OBJC_HEADER = NO;
				SWIFT_VERSION = 5.0;
				TARGETED_DEVICE_FAMILY = "1,2";
			};
			name = Debug;
		};
		0F0410592D46B18C00112E71 /* Release */ = {
			isa = XCBuildConfiguration;
			buildSettings = {
				BUILD_LIBRARY_FOR_DISTRIBUTION = YES;
				CODE_SIGN_STYLE = Automatic;
				CURRENT_PROJECT_VERSION = 1;
				DEFINES_MODULE = YES;
				DEVELOPMENT_TEAM = 225K82M4FU;
				DYLIB_COMPATIBILITY_VERSION = 1;
				DYLIB_CURRENT_VERSION = 1;
				DYLIB_INSTALL_NAME_BASE = "@rpath";
				ENABLE_MODULE_VERIFIER = YES;
				GENERATE_INFOPLIST_FILE = YES;
				INFOPLIST_KEY_NSHumanReadableCopyright = "";
				INSTALL_PATH = "$(LOCAL_LIBRARY_DIR)/Frameworks";
				LD_RUNPATH_SEARCH_PATHS = (
					"$(inherited)",
					"@executable_path/Frameworks",
					"@loader_path/Frameworks",
				);
				MARKETING_VERSION = 1.0;
				MODULE_VERIFIER_SUPPORTED_LANGUAGES = "objective-c objective-c++";
				MODULE_VERIFIER_SUPPORTED_LANGUAGE_STANDARDS = "gnu17 gnu++20";
				PRODUCT_BUNDLE_IDENTIFIER = nhatnuoc.Basic;
				PRODUCT_NAME = "$(TARGET_NAME:c99extidentifier)";
				SKIP_INSTALL = YES;
				SWIFT_EMIT_LOC_STRINGS = YES;
				SWIFT_INSTALL_OBJC_HEADER = NO;
				SWIFT_VERSION = 5.0;
				TARGETED_DEVICE_FAMILY = "1,2";
			};
			name = Release;
		};
		0F04105D2D46B18C00112E71 /* Debug */ = {
			isa = XCBuildConfiguration;
			buildSettings = {
				CODE_SIGN_STYLE = Automatic;
				CURRENT_PROJECT_VERSION = 1;
				DEVELOPMENT_TEAM = 225K82M4FU;
				GENERATE_INFOPLIST_FILE = YES;
				MARKETING_VERSION = 1.0;
				PRODUCT_BUNDLE_IDENTIFIER = nhatnuoc.BasicTests;
				PRODUCT_NAME = "$(TARGET_NAME)";
				SWIFT_EMIT_LOC_STRINGS = NO;
				SWIFT_VERSION = 5.0;
				TARGETED_DEVICE_FAMILY = "1,2";
				TEST_HOST = "$(BUILT_PRODUCTS_DIR)/Example.app/$(BUNDLE_EXECUTABLE_FOLDER_PATH)/Example";
			};
			name = Debug;
		};
		0F04105E2D46B18C00112E71 /* Release */ = {
			isa = XCBuildConfiguration;
			buildSettings = {
				CODE_SIGN_STYLE = Automatic;
				CURRENT_PROJECT_VERSION = 1;
				DEVELOPMENT_TEAM = 225K82M4FU;
				GENERATE_INFOPLIST_FILE = YES;
				MARKETING_VERSION = 1.0;
				PRODUCT_BUNDLE_IDENTIFIER = nhatnuoc.BasicTests;
				PRODUCT_NAME = "$(TARGET_NAME)";
				SWIFT_EMIT_LOC_STRINGS = NO;
				SWIFT_VERSION = 5.0;
				TARGETED_DEVICE_FAMILY = "1,2";
				TEST_HOST = "$(BUILT_PRODUCTS_DIR)/Example.app/$(BUNDLE_EXECUTABLE_FOLDER_PATH)/Example";
			};
			name = Release;
		};
		0F04107C2D46B1AF00112E71 /* Debug */ = {
			isa = XCBuildConfiguration;
			buildSettings = {
				BUILD_LIBRARY_FOR_DISTRIBUTION = YES;
				CODE_SIGN_STYLE = Automatic;
				CURRENT_PROJECT_VERSION = 1;
				DEFINES_MODULE = YES;
				DEVELOPMENT_TEAM = 225K82M4FU;
				DYLIB_COMPATIBILITY_VERSION = 1;
				DYLIB_CURRENT_VERSION = 1;
				DYLIB_INSTALL_NAME_BASE = "@rpath";
				ENABLE_MODULE_VERIFIER = YES;
				GENERATE_INFOPLIST_FILE = YES;
				INFOPLIST_KEY_NSHumanReadableCopyright = "";
				INSTALL_PATH = "$(LOCAL_LIBRARY_DIR)/Frameworks";
				LD_RUNPATH_SEARCH_PATHS = (
					"$(inherited)",
					"@executable_path/Frameworks",
					"@loader_path/Frameworks",
				);
				MARKETING_VERSION = 1.0;
				MODULE_VERIFIER_SUPPORTED_LANGUAGES = "objective-c objective-c++";
				MODULE_VERIFIER_SUPPORTED_LANGUAGE_STANDARDS = "gnu17 gnu++20";
				PRODUCT_BUNDLE_IDENTIFIER = nhatnuoc.NDA;
				PRODUCT_NAME = "$(TARGET_NAME:c99extidentifier)";
				SKIP_INSTALL = YES;
				SWIFT_EMIT_LOC_STRINGS = YES;
				SWIFT_INSTALL_OBJC_HEADER = NO;
				SWIFT_VERSION = 5.0;
				TARGETED_DEVICE_FAMILY = "1,2";
			};
			name = Debug;
		};
		0F04107D2D46B1AF00112E71 /* Release */ = {
			isa = XCBuildConfiguration;
			buildSettings = {
				BUILD_LIBRARY_FOR_DISTRIBUTION = YES;
				CODE_SIGN_STYLE = Automatic;
				CURRENT_PROJECT_VERSION = 1;
				DEFINES_MODULE = YES;
				DEVELOPMENT_TEAM = 225K82M4FU;
				DYLIB_COMPATIBILITY_VERSION = 1;
				DYLIB_CURRENT_VERSION = 1;
				DYLIB_INSTALL_NAME_BASE = "@rpath";
				ENABLE_MODULE_VERIFIER = YES;
				GENERATE_INFOPLIST_FILE = YES;
				INFOPLIST_KEY_NSHumanReadableCopyright = "";
				INSTALL_PATH = "$(LOCAL_LIBRARY_DIR)/Frameworks";
				LD_RUNPATH_SEARCH_PATHS = (
					"$(inherited)",
					"@executable_path/Frameworks",
					"@loader_path/Frameworks",
				);
				MARKETING_VERSION = 1.0;
				MODULE_VERIFIER_SUPPORTED_LANGUAGES = "objective-c objective-c++";
				MODULE_VERIFIER_SUPPORTED_LANGUAGE_STANDARDS = "gnu17 gnu++20";
				PRODUCT_BUNDLE_IDENTIFIER = nhatnuoc.NDA;
				PRODUCT_NAME = "$(TARGET_NAME:c99extidentifier)";
				SKIP_INSTALL = YES;
				SWIFT_EMIT_LOC_STRINGS = YES;
				SWIFT_INSTALL_OBJC_HEADER = NO;
				SWIFT_VERSION = 5.0;
				TARGETED_DEVICE_FAMILY = "1,2";
			};
			name = Release;
		};
		0F0410802D46B1AF00112E71 /* Debug */ = {
			isa = XCBuildConfiguration;
			buildSettings = {
				CODE_SIGN_STYLE = Automatic;
				CURRENT_PROJECT_VERSION = 1;
				DEVELOPMENT_TEAM = 225K82M4FU;
				GENERATE_INFOPLIST_FILE = YES;
				MARKETING_VERSION = 1.0;
				PRODUCT_BUNDLE_IDENTIFIER = nhatnuoc.NDATests;
				PRODUCT_NAME = "$(TARGET_NAME)";
				SWIFT_EMIT_LOC_STRINGS = NO;
				SWIFT_VERSION = 5.0;
				TARGETED_DEVICE_FAMILY = "1,2";
				TEST_HOST = "$(BUILT_PRODUCTS_DIR)/Example.app/$(BUNDLE_EXECUTABLE_FOLDER_PATH)/Example";
			};
			name = Debug;
		};
		0F0410812D46B1AF00112E71 /* Release */ = {
			isa = XCBuildConfiguration;
			buildSettings = {
				CODE_SIGN_STYLE = Automatic;
				CURRENT_PROJECT_VERSION = 1;
				DEVELOPMENT_TEAM = 225K82M4FU;
				GENERATE_INFOPLIST_FILE = YES;
				MARKETING_VERSION = 1.0;
				PRODUCT_BUNDLE_IDENTIFIER = nhatnuoc.NDATests;
				PRODUCT_NAME = "$(TARGET_NAME)";
				SWIFT_EMIT_LOC_STRINGS = NO;
				SWIFT_VERSION = 5.0;
				TARGETED_DEVICE_FAMILY = "1,2";
				TEST_HOST = "$(BUILT_PRODUCTS_DIR)/Example.app/$(BUNDLE_EXECUTABLE_FOLDER_PATH)/Example";
			};
			name = Release;
		};
/* End XCBuildConfiguration section */

/* Begin XCConfigurationList section */
		0F040FE32D46AC4600112E71 /* Build configuration list for PBXProject "LivenessMaskView" */ = {
			isa = XCConfigurationList;
			buildConfigurations = (
				0F040FFF2D46AC4600112E71 /* Debug */,
				0F0410002D46AC4600112E71 /* Release */,
			);
			defaultConfigurationIsVisible = 0;
			defaultConfigurationName = Release;
		};
		0F040FFC2D46AC4600112E71 /* Build configuration list for PBXNativeTarget "LivenessMaskView" */ = {
			isa = XCConfigurationList;
			buildConfigurations = (
				0F040FFD2D46AC4600112E71 /* Debug */,
				0F040FFE2D46AC4600112E71 /* Release */,
			);
			defaultConfigurationIsVisible = 0;
			defaultConfigurationName = Release;
		};
		0F0410012D46AC4600112E71 /* Build configuration list for PBXNativeTarget "LivenessMaskViewTests" */ = {
			isa = XCConfigurationList;
			buildConfigurations = (
				0F0410022D46AC4600112E71 /* Debug */,
				0F0410032D46AC4600112E71 /* Release */,
			);
			defaultConfigurationIsVisible = 0;
			defaultConfigurationName = Release;
		};
		0F0410322D46B06D00112E71 /* Build configuration list for PBXNativeTarget "Example" */ = {
			isa = XCConfigurationList;
			buildConfigurations = (
				0F0410332D46B06D00112E71 /* Debug */,
				0F0410342D46B06D00112E71 /* Release */,
			);
			defaultConfigurationIsVisible = 0;
			defaultConfigurationName = Release;
		};
		0F0410352D46B06D00112E71 /* Build configuration list for PBXNativeTarget "ExampleTests" */ = {
			isa = XCConfigurationList;
			buildConfigurations = (
				0F0410362D46B06D00112E71 /* Debug */,
				0F0410372D46B06D00112E71 /* Release */,
			);
			defaultConfigurationIsVisible = 0;
			defaultConfigurationName = Release;
		};
		0F0410382D46B06D00112E71 /* Build configuration list for PBXNativeTarget "ExampleUITests" */ = {
			isa = XCConfigurationList;
			buildConfigurations = (
				0F0410392D46B06D00112E71 /* Debug */,
				0F04103A2D46B06D00112E71 /* Release */,
			);
			defaultConfigurationIsVisible = 0;
			defaultConfigurationName = Release;
		};
		0F0410572D46B18C00112E71 /* Build configuration list for PBXNativeTarget "Basic" */ = {
			isa = XCConfigurationList;
			buildConfigurations = (
				0F0410582D46B18C00112E71 /* Debug */,
				0F0410592D46B18C00112E71 /* Release */,
			);
			defaultConfigurationIsVisible = 0;
			defaultConfigurationName = Release;
		};
		0F04105C2D46B18C00112E71 /* Build configuration list for PBXNativeTarget "BasicTests" */ = {
			isa = XCConfigurationList;
			buildConfigurations = (
				0F04105D2D46B18C00112E71 /* Debug */,
				0F04105E2D46B18C00112E71 /* Release */,
			);
			defaultConfigurationIsVisible = 0;
			defaultConfigurationName = Release;
		};
		0F04107B2D46B1AF00112E71 /* Build configuration list for PBXNativeTarget "NDA" */ = {
			isa = XCConfigurationList;
			buildConfigurations = (
				0F04107C2D46B1AF00112E71 /* Debug */,
				0F04107D2D46B1AF00112E71 /* Release */,
			);
			defaultConfigurationIsVisible = 0;
			defaultConfigurationName = Release;
		};
		0F04107F2D46B1AF00112E71 /* Build configuration list for PBXNativeTarget "NDATests" */ = {
			isa = XCConfigurationList;
			buildConfigurations = (
				0F0410802D46B1AF00112E71 /* Debug */,
				0F0410812D46B1AF00112E71 /* Release */,
			);
			defaultConfigurationIsVisible = 0;
			defaultConfigurationName = Release;
		};
/* End XCConfigurationList section */
	};
	rootObject = 0F040FE02D46AC4600112E71 /* Project object */;
}
